# This file was autogenerated by Stack.
# You should not edit this file by hand.
# For more information, please see the documentation at:
#   https://docs.haskellstack.org/en/stable/lock_files

packages:
- completed:
    hackage: monad-var-0.2.2.0@sha256:676a99b61173859c9bba1093f3779832a29f6d3eed9a74dbb0e190f10874717f,2186
    pantry-tree:
      size: 902
      sha256: b8887d397ac332ef7a35e404917724ef985ee1c3699895e1e7717cd94f35019b
  original:
    hackage: monad-var-0.2.2.0@sha256:676a99b61173859c9bba1093f3779832a29f6d3eed9a74dbb0e190f10874717f,2186
snapshots:
- completed:
    size: 586268
    url: https://raw.githubusercontent.com/commercialhaskell/stackage-snapshots/master/lts/18/13.yaml
    sha256: d9e658a22cfe8d87a64fdf219885f942fef5fe2bcb156a9800174911c5da2443
  original: lts-18.13
